// !$*UTF8*$!
{
	archiveVersion = 1;
	classes = {
	};
	objectVersion = 56;
	objects = {

/* Begin PBXBuildFile section */
		56B262F32B5DDFEC009908CE /* SymbolModifier.swift in Sources */ = {isa = PBXBuildFile; fileRef = 56B262F22B5DDFEC009908CE /* SymbolModifier.swift */; };
		56B262F62B5DE1AD009908CE /* CardTransition.swift in Sources */ = {isa = PBXBuildFile; fileRef = 56B262F52B5DE1AD009908CE /* CardTransition.swift */; };
		56B262F92B5DE302009908CE /* PlaySound.swift in Sources */ = {isa = PBXBuildFile; fileRef = 56B262F82B5DE302009908CE /* PlaySound.swift */; };
		56B262FC2B5DE422009908CE /* sound-click.mp3 in Resources */ = {isa = PBXBuildFile; fileRef = 56B262FA2B5DE422009908CE /* sound-click.mp3 */; };
		56B262FD2B5DE422009908CE /* sound-rise.mp3 in Resources */ = {isa = PBXBuildFile; fileRef = 56B262FB2B5DE422009908CE /* sound-rise.mp3 */; };
		56C55DA82B5D989300321EFB /* HonymoonUIApp.swift in Sources */ = {isa = PBXBuildFile; fileRef = 56C55DA72B5D989300321EFB /* HonymoonUIApp.swift */; };
		56C55DAA2B5D989300321EFB /* ContentView.swift in Sources */ = {isa = PBXBuildFile; fileRef = 56C55DA92B5D989300321EFB /* ContentView.swift */; };
		56C55DAC2B5D989400321EFB /* Assets.xcassets in Resources */ = {isa = PBXBuildFile; fileRef = 56C55DAB2B5D989400321EFB /* Assets.xcassets */; };
		56C55DAF2B5D989400321EFB /* Preview Assets.xcassets in Resources */ = {isa = PBXBuildFile; fileRef = 56C55DAE2B5D989400321EFB /* Preview Assets.xcassets */; };
		56C55DB92B5D9A3100321EFB /* HonymoonModel.swift in Sources */ = {isa = PBXBuildFile; fileRef = 56C55DB82B5D9A3100321EFB /* HonymoonModel.swift */; };
		56C55DBC2B5D9A8700321EFB /* HoneymoonData.swift in Sources */ = {isa = PBXBuildFile; fileRef = 56C55DBB2B5D9A8700321EFB /* HoneymoonData.swift */; };
		56C55DC02B5D9AF200321EFB /* CardView.swift in Sources */ = {isa = PBXBuildFile; fileRef = 56C55DBF2B5D9AF200321EFB /* CardView.swift */; };
		56C55DC22B5D9CA700321EFB /* HeaderView.swift in Sources */ = {isa = PBXBuildFile; fileRef = 56C55DC12B5D9CA700321EFB /* HeaderView.swift */; };
		56C55DC42B5D9DD600321EFB /* FooterView.swift in Sources */ = {isa = PBXBuildFile; fileRef = 56C55DC32B5D9DD600321EFB /* FooterView.swift */; };
		56C55DC72B5D9EEF00321EFB /* HeaderComponent.swift in Sources */ = {isa = PBXBuildFile; fileRef = 56C55DC62B5D9EEF00321EFB /* HeaderComponent.swift */; };
		56C55DC92B5D9F6000321EFB /* GuiderComponent.swift in Sources */ = {isa = PBXBuildFile; fileRef = 56C55DC82B5D9F6000321EFB /* GuiderComponent.swift */; };
		56C55DCB2B5DA09D00321EFB /* GuideView.swift in Sources */ = {isa = PBXBuildFile; fileRef = 56C55DCA2B5DA09D00321EFB /* GuideView.swift */; };
		56C55DCD2B5DAB4000321EFB /* InfoView.swift in Sources */ = {isa = PBXBuildFile; fileRef = 56C55DCC2B5DAB4000321EFB /* InfoView.swift */; };
		56C55DCF2B5DABAE00321EFB /* TitleModifier.swift in Sources */ = {isa = PBXBuildFile; fileRef = 56C55DCE2B5DABAE00321EFB /* TitleModifier.swift */; };
		56C55DD22B5DACA200321EFB /* ButtonModifier.swift in Sources */ = {isa = PBXBuildFile; fileRef = 56C55DD12B5DACA200321EFB /* ButtonModifier.swift */; };
/* End PBXBuildFile section */

/* Begin PBXFileReference section */
		56B262F22B5DDFEC009908CE /* SymbolModifier.swift */ = {isa = PBXFileReference; lastKnownFileType = sourcecode.swift; path = SymbolModifier.swift; sourceTree = "<group>"; };
		56B262F52B5DE1AD009908CE /* CardTransition.swift */ = {isa = PBXFileReference; lastKnownFileType = sourcecode.swift; path = CardTransition.swift; sourceTree = "<group>"; };
		56B262F82B5DE302009908CE /* PlaySound.swift */ = {isa = PBXFileReference; lastKnownFileType = sourcecode.swift; path = PlaySound.swift; sourceTree = "<group>"; };
		56B262FA2B5DE422009908CE /* sound-click.mp3 */ = {isa = PBXFileReference; lastKnownFileType = audio.mp3; path = "sound-click.mp3"; sourceTree = "<group>"; };
		56B262FB2B5DE422009908CE /* sound-rise.mp3 */ = {isa = PBXFileReference; lastKnownFileType = audio.mp3; path = "sound-rise.mp3"; sourceTree = "<group>"; };
		56C55DA42B5D989300321EFB /* HonymoonUI.app */ = {isa = PBXFileReference; explicitFileType = wrapper.application; includeInIndex = 0; path = HonymoonUI.app; sourceTree = BUILT_PRODUCTS_DIR; };
		56C55DA72B5D989300321EFB /* HonymoonUIApp.swift */ = {isa = PBXFileReference; lastKnownFileType = sourcecode.swift; path = HonymoonUIApp.swift; sourceTree = "<group>"; };
		56C55DA92B5D989300321EFB /* ContentView.swift */ = {isa = PBXFileReference; lastKnownFileType = sourcecode.swift; path = ContentView.swift; sourceTree = "<group>"; };
		56C55DAB2B5D989400321EFB /* Assets.xcassets */ = {isa = PBXFileReference; lastKnownFileType = folder.assetcatalog; path = Assets.xcassets; sourceTree = "<group>"; };
		56C55DAE2B5D989400321EFB /* Preview Assets.xcassets */ = {isa = PBXFileReference; lastKnownFileType = folder.assetcatalog; path = "Preview Assets.xcassets"; sourceTree = "<group>"; };
		56C55DB72B5D99D900321EFB /* Info.plist */ = {isa = PBXFileReference; lastKnownFileType = text.plist; path = Info.plist; sourceTree = "<group>"; };
		56C55DB82B5D9A3100321EFB /* HonymoonModel.swift */ = {isa = PBXFileReference; lastKnownFileType = sourcecode.swift; path = HonymoonModel.swift; sourceTree = "<group>"; };
		56C55DBB2B5D9A8700321EFB /* HoneymoonData.swift */ = {isa = PBXFileReference; lastKnownFileType = sourcecode.swift; path = HoneymoonData.swift; sourceTree = "<group>"; };
		56C55DBF2B5D9AF200321EFB /* CardView.swift */ = {isa = PBXFileReference; lastKnownFileType = sourcecode.swift; path = CardView.swift; sourceTree = "<group>"; };
		56C55DC12B5D9CA700321EFB /* HeaderView.swift */ = {isa = PBXFileReference; lastKnownFileType = sourcecode.swift; path = HeaderView.swift; sourceTree = "<group>"; };
		56C55DC32B5D9DD600321EFB /* FooterView.swift */ = {isa = PBXFileReference; lastKnownFileType = sourcecode.swift; path = FooterView.swift; sourceTree = "<group>"; };
		56C55DC62B5D9EEF00321EFB /* HeaderComponent.swift */ = {isa = PBXFileReference; lastKnownFileType = sourcecode.swift; path = HeaderComponent.swift; sourceTree = "<group>"; };
		56C55DC82B5D9F6000321EFB /* GuiderComponent.swift */ = {isa = PBXFileReference; lastKnownFileType = sourcecode.swift; path = GuiderComponent.swift; sourceTree = "<group>"; };
		56C55DCA2B5DA09D00321EFB /* GuideView.swift */ = {isa = PBXFileReference; lastKnownFileType = sourcecode.swift; path = GuideView.swift; sourceTree = "<group>"; };
		56C55DCC2B5DAB4000321EFB /* InfoView.swift */ = {isa = PBXFileReference; lastKnownFileType = sourcecode.swift; path = InfoView.swift; sourceTree = "<group>"; };
		56C55DCE2B5DABAE00321EFB /* TitleModifier.swift */ = {isa = PBXFileReference; lastKnownFileType = sourcecode.swift; path = TitleModifier.swift; sourceTree = "<group>"; };
		56C55DD12B5DACA200321EFB /* ButtonModifier.swift */ = {isa = PBXFileReference; lastKnownFileType = sourcecode.swift; path = ButtonModifier.swift; sourceTree = "<group>"; };
/* End PBXFileReference section */

/* Begin PBXFrameworksBuildPhase section */
		56C55DA12B5D989300321EFB /* Frameworks */ = {
			isa = PBXFrameworksBuildPhase;
			buildActionMask = 2147483647;
			files = (
			);
			runOnlyForDeploymentPostprocessing = 0;
		};
/* End PBXFrameworksBuildPhase section */

/* Begin PBXGroup section */
		56B262F42B5DE198009908CE /* Extensions */ = {
			isa = PBXGroup;
			children = (
				56B262F52B5DE1AD009908CE /* CardTransition.swift */,
			);
			path = Extensions;
			sourceTree = "<group>";
		};
		56B262F72B5DE2F4009908CE /* Helper */ = {
			isa = PBXGroup;
			children = (
				56B262F82B5DE302009908CE /* PlaySound.swift */,
			);
			path = Helper;
			sourceTree = "<group>";
		};
		56B262FE2B5DE42F009908CE /* Sound */ = {
			isa = PBXGroup;
			children = (
				56B262FA2B5DE422009908CE /* sound-click.mp3 */,
				56B262FB2B5DE422009908CE /* sound-rise.mp3 */,
			);
			path = Sound;
			sourceTree = "<group>";
		};
		56C55D9B2B5D989300321EFB = {
			isa = PBXGroup;
			children = (
				56C55DA62B5D989300321EFB /* HonymoonUI */,
				56C55DA52B5D989300321EFB /* Products */,
			);
			sourceTree = "<group>";
		};
		56C55DA52B5D989300321EFB /* Products */ = {
			isa = PBXGroup;
			children = (
				56C55DA42B5D989300321EFB /* HonymoonUI.app */,
			);
			name = Products;
			sourceTree = "<group>";
		};
		56C55DA62B5D989300321EFB /* HonymoonUI */ = {
			isa = PBXGroup;
			children = (
				56B262FE2B5DE42F009908CE /* Sound */,
				56B262F72B5DE2F4009908CE /* Helper */,
				56B262F42B5DE198009908CE /* Extensions */,
				56C55DC52B5D9EDA00321EFB /* Component */,
				56C55DB72B5D99D900321EFB /* Info.plist */,
				56C55DA72B5D989300321EFB /* HonymoonUIApp.swift */,
				56C55DAB2B5D989400321EFB /* Assets.xcassets */,
				56C55DBE2B5D9AD800321EFB /* View */,
				56C55DAD2B5D989400321EFB /* Preview Content */,
				56C55DBA2B5D9A3800321EFB /* Model */,
				56C55DBD2B5D9A8B00321EFB /* Data */,
				56C55DD02B5DABD300321EFB /* Modifier */,
			);
			path = HonymoonUI;
			sourceTree = "<group>";
		};
		56C55DAD2B5D989400321EFB /* Preview Content */ = {
			isa = PBXGroup;
			children = (
				56C55DAE2B5D989400321EFB /* Preview Assets.xcassets */,
			);
			path = "Preview Content";
			sourceTree = "<group>";
		};
		56C55DBA2B5D9A3800321EFB /* Model */ = {
			isa = PBXGroup;
			children = (
				56C55DB82B5D9A3100321EFB /* HonymoonModel.swift */,
			);
			path = Model;
			sourceTree = "<group>";
		};
		56C55DBD2B5D9A8B00321EFB /* Data */ = {
			isa = PBXGroup;
			children = (
				56C55DBB2B5D9A8700321EFB /* HoneymoonData.swift */,
			);
			path = Data;
			sourceTree = "<group>";
		};
		56C55DBE2B5D9AD800321EFB /* View */ = {
			isa = PBXGroup;
			children = (
				56C55DA92B5D989300321EFB /* ContentView.swift */,
				56C55DBF2B5D9AF200321EFB /* CardView.swift */,
				56C55DC12B5D9CA700321EFB /* HeaderView.swift */,
				56C55DC32B5D9DD600321EFB /* FooterView.swift */,
				56C55DCA2B5DA09D00321EFB /* GuideView.swift */,
				56C55DCC2B5DAB4000321EFB /* InfoView.swift */,
			);
			path = View;
			sourceTree = "<group>";
		};
		56C55DC52B5D9EDA00321EFB /* Component */ = {
			isa = PBXGroup;
			children = (
				56C55DC62B5D9EEF00321EFB /* HeaderComponent.swift */,
				56C55DC82B5D9F6000321EFB /* GuiderComponent.swift */,
			);
			path = Component;
			sourceTree = "<group>";
		};
		56C55DD02B5DABD300321EFB /* Modifier */ = {
			isa = PBXGroup;
			children = (
				56C55DCE2B5DABAE00321EFB /* TitleModifier.swift */,
				56C55DD12B5DACA200321EFB /* ButtonModifier.swift */,
				56B262F22B5DDFEC009908CE /* SymbolModifier.swift */,
			);
			path = Modifier;
			sourceTree = "<group>";
		};
/* End PBXGroup section */

/* Begin PBXNativeTarget section */
		56C55DA32B5D989300321EFB /* HonymoonUI */ = {
			isa = PBXNativeTarget;
			buildConfigurationList = 56C55DB22B5D989400321EFB /* Build configuration list for PBXNativeTarget "HonymoonUI" */;
			buildPhases = (
				56C55DA02B5D989300321EFB /* Sources */,
				56C55DA12B5D989300321EFB /* Frameworks */,
				56C55DA22B5D989300321EFB /* Resources */,
			);
			buildRules = (
			);
			dependencies = (
			);
			name = HonymoonUI;
			productName = HonymoonUI;
			productReference = 56C55DA42B5D989300321EFB /* HonymoonUI.app */;
			productType = "com.apple.product-type.application";
		};
/* End PBXNativeTarget section */

/* Begin PBXProject section */
		56C55D9C2B5D989300321EFB /* Project object */ = {
			isa = PBXProject;
			attributes = {
				BuildIndependentTargetsInParallel = 1;
				LastSwiftUpdateCheck = 1520;
				LastUpgradeCheck = 1520;
				TargetAttributes = {
					56C55DA32B5D989300321EFB = {
						CreatedOnToolsVersion = 15.2;
					};
				};
			};
			buildConfigurationList = 56C55D9F2B5D989300321EFB /* Build configuration list for PBXProject "HonymoonUI" */;
			compatibilityVersion = "Xcode 14.0";
			developmentRegion = en;
			hasScannedForEncodings = 0;
			knownRegions = (
				en,
				Base,
			);
			mainGroup = 56C55D9B2B5D989300321EFB;
			productRefGroup = 56C55DA52B5D989300321EFB /* Products */;
			projectDirPath = "";
			projectRoot = "";
			targets = (
				56C55DA32B5D989300321EFB /* HonymoonUI */,
			);
		};
/* End PBXProject section */

/* Begin PBXResourcesBuildPhase section */
		56C55DA22B5D989300321EFB /* Resources */ = {
			isa = PBXResourcesBuildPhase;
			buildActionMask = 2147483647;
			files = (
				56C55DAF2B5D989400321EFB /* Preview Assets.xcassets in Resources */,
				56B262FD2B5DE422009908CE /* sound-rise.mp3 in Resources */,
				56B262FC2B5DE422009908CE /* sound-click.mp3 in Resources */,
				56C55DAC2B5D989400321EFB /* Assets.xcassets in Resources */,
			);
			runOnlyForDeploymentPostprocessing = 0;
		};
/* End PBXResourcesBuildPhase section */

/* Begin PBXSourcesBuildPhase section */
		56C55DA02B5D989300321EFB /* Sources */ = {
			isa = PBXSourcesBuildPhase;
			buildActionMask = 2147483647;
			files = (
				56C55DBC2B5D9A8700321EFB /* HoneymoonData.swift in Sources */,
				56C55DCD2B5DAB4000321EFB /* InfoView.swift in Sources */,
				56C55DC42B5D9DD600321EFB /* FooterView.swift in Sources */,
				56C55DCF2B5DABAE00321EFB /* TitleModifier.swift in Sources */,
				56B262F62B5DE1AD009908CE /* CardTransition.swift in Sources */,
				56B262F32B5DDFEC009908CE /* SymbolModifier.swift in Sources */,
				56C55DB92B5D9A3100321EFB /* HonymoonModel.swift in Sources */,
				56C55DAA2B5D989300321EFB /* ContentView.swift in Sources */,
				56C55DD22B5DACA200321EFB /* ButtonModifier.swift in Sources */,
				56B262F92B5DE302009908CE /* PlaySound.swift in Sources */,
				56C55DC72B5D9EEF00321EFB /* HeaderComponent.swift in Sources */,
				56C55DA82B5D989300321EFB /* HonymoonUIApp.swift in Sources */,
				56C55DC02B5D9AF200321EFB /* CardView.swift in Sources */,
				56C55DC92B5D9F6000321EFB /* GuiderComponent.swift in Sources */,
				56C55DC22B5D9CA700321EFB /* HeaderView.swift in Sources */,
				56C55DCB2B5DA09D00321EFB /* GuideView.swift in Sources */,
			);
			runOnlyForDeploymentPostprocessing = 0;
		};
/* End PBXSourcesBuildPhase section */

/* Begin XCBuildConfiguration section */
		56C55DB02B5D989400321EFB /* Debug */ = {
			isa = XCBuildConfiguration;
			buildSettings = {
				ALWAYS_SEARCH_USER_PATHS = NO;
				ASSETCATALOG_COMPILER_GENERATE_SWIFT_ASSET_SYMBOL_EXTENSIONS = YES;
				CLANG_ANALYZER_NONNULL = YES;
				CLANG_ANALYZER_NUMBER_OBJECT_CONVERSION = YES_AGGRESSIVE;
				CLANG_CXX_LANGUAGE_STANDARD = "gnu++20";
				CLANG_ENABLE_MODULES = YES;
				CLANG_ENABLE_OBJC_ARC = YES;
				CLANG_ENABLE_OBJC_WEAK = YES;
				CLANG_WARN_BLOCK_CAPTURE_AUTORELEASING = YES;
				CLANG_WARN_BOOL_CONVERSION = YES;
				CLANG_WARN_COMMA = YES;
				CLANG_WARN_CONSTANT_CONVERSION = YES;
				CLANG_WARN_DEPRECATED_OBJC_IMPLEMENTATIONS = YES;
				CLANG_WARN_DIRECT_OBJC_ISA_USAGE = YES_ERROR;
				CLANG_WARN_DOCUMENTATION_COMMENTS = YES;
				CLANG_WARN_EMPTY_BODY = YES;
				CLANG_WARN_ENUM_CONVERSION = YES;
				CLANG_WARN_INFINITE_RECURSION = YES;
				CLANG_WARN_INT_CONVERSION = YES;
				CLANG_WARN_NON_LITERAL_NULL_CONVERSION = YES;
				CLANG_WARN_OBJC_IMPLICIT_RETAIN_SELF = YES;
				CLANG_WARN_OBJC_LITERAL_CONVERSION = YES;
				CLANG_WARN_OBJC_ROOT_CLASS = YES_ERROR;
				CLANG_WARN_QUOTED_INCLUDE_IN_FRAMEWORK_HEADER = YES;
				CLANG_WARN_RANGE_LOOP_ANALYSIS = YES;
				CLANG_WARN_STRICT_PROTOTYPES = YES;
				CLANG_WARN_SUSPICIOUS_MOVE = YES;
				CLANG_WARN_UNGUARDED_AVAILABILITY = YES_AGGRESSIVE;
				CLANG_WARN_UNREACHABLE_CODE = YES;
				CLANG_WARN__DUPLICATE_METHOD_MATCH = YES;
				COPY_PHASE_STRIP = NO;
				DEBUG_INFORMATION_FORMAT = dwarf;
				ENABLE_STRICT_OBJC_MSGSEND = YES;
				ENABLE_TESTABILITY = YES;
				ENABLE_USER_SCRIPT_SANDBOXING = YES;
				GCC_C_LANGUAGE_STANDARD = gnu17;
				GCC_DYNAMIC_NO_PIC = NO;
				GCC_NO_COMMON_BLOCKS = YES;
				GCC_OPTIMIZATION_LEVEL = 0;
				GCC_PREPROCESSOR_DEFINITIONS = (
					"DEBUG=1",
					"$(inherited)",
				);
				GCC_WARN_64_TO_32_BIT_CONVERSION = YES;
				GCC_WARN_ABOUT_RETURN_TYPE = YES_ERROR;
				GCC_WARN_UNDECLARED_SELECTOR = YES;
				GCC_WARN_UNINITIALIZED_AUTOS = YES_AGGRESSIVE;
				GCC_WARN_UNUSED_FUNCTION = YES;
				GCC_WARN_UNUSED_VARIABLE = YES;
				IPHONEOS_DEPLOYMENT_TARGET = 17.2;
				LOCALIZATION_PREFERS_STRING_CATALOGS = YES;
				MTL_ENABLE_DEBUG_INFO = INCLUDE_SOURCE;
				MTL_FAST_MATH = YES;
				ONLY_ACTIVE_ARCH = YES;
				SDKROOT = iphoneos;
				SWIFT_ACTIVE_COMPILATION_CONDITIONS = "DEBUG $(inherited)";
				SWIFT_OPTIMIZATION_LEVEL = "-Onone";
			};
			name = Debug;
		};
		56C55DB12B5D989400321EFB /* Release */ = {
			isa = XCBuildConfiguration;
			buildSettings = {
				ALWAYS_SEARCH_USER_PATHS = NO;
				ASSETCATALOG_COMPILER_GENERATE_SWIFT_ASSET_SYMBOL_EXTENSIONS = YES;
				CLANG_ANALYZER_NONNULL = YES;
				CLANG_ANALYZER_NUMBER_OBJECT_CONVERSION = YES_AGGRESSIVE;
				CLANG_CXX_LANGUAGE_STANDARD = "gnu++20";
				CLANG_ENABLE_MODULES = YES;
				CLANG_ENABLE_OBJC_ARC = YES;
				CLANG_ENABLE_OBJC_WEAK = YES;
				CLANG_WARN_BLOCK_CAPTURE_AUTORELEASING = YES;
				CLANG_WARN_BOOL_CONVERSION = YES;
				CLANG_WARN_COMMA = YES;
				CLANG_WARN_CONSTANT_CONVERSION = YES;
				CLANG_WARN_DEPRECATED_OBJC_IMPLEMENTATIONS = YES;
				CLANG_WARN_DIRECT_OBJC_ISA_USAGE = YES_ERROR;
				CLANG_WARN_DOCUMENTATION_COMMENTS = YES;
				CLANG_WARN_EMPTY_BODY = YES;
				CLANG_WARN_ENUM_CONVERSION = YES;
				CLANG_WARN_INFINITE_RECURSION = YES;
				CLANG_WARN_INT_CONVERSION = YES;
				CLANG_WARN_NON_LITERAL_NULL_CONVERSION = YES;
				CLANG_WARN_OBJC_IMPLICIT_RETAIN_SELF = YES;
				CLANG_WARN_OBJC_LITERAL_CONVERSION = YES;
				CLANG_WARN_OBJC_ROOT_CLASS = YES_ERROR;
				CLANG_WARN_QUOTED_INCLUDE_IN_FRAMEWORK_HEADER = YES;
				CLANG_WARN_RANGE_LOOP_ANALYSIS = YES;
				CLANG_WARN_STRICT_PROTOTYPES = YES;
				CLANG_WARN_SUSPICIOUS_MOVE = YES;
				CLANG_WARN_UNGUARDED_AVAILABILITY = YES_AGGRESSIVE;
				CLANG_WARN_UNREACHABLE_CODE = YES;
				CLANG_WARN__DUPLICATE_METHOD_MATCH = YES;
				COPY_PHASE_STRIP = NO;
				DEBUG_INFORMATION_FORMAT = "dwarf-with-dsym";
				ENABLE_NS_ASSERTIONS = NO;
				ENABLE_STRICT_OBJC_MSGSEND = YES;
				ENABLE_USER_SCRIPT_SANDBOXING = YES;
				GCC_C_LANGUAGE_STANDARD = gnu17;
				GCC_NO_COMMON_BLOCKS = YES;
				GCC_WARN_64_TO_32_BIT_CONVERSION = YES;
				GCC_WARN_ABOUT_RETURN_TYPE = YES_ERROR;
				GCC_WARN_UNDECLARED_SELECTOR = YES;
				GCC_WARN_UNINITIALIZED_AUTOS = YES_AGGRESSIVE;
				GCC_WARN_UNUSED_FUNCTION = YES;
				GCC_WARN_UNUSED_VARIABLE = YES;
				IPHONEOS_DEPLOYMENT_TARGET = 17.2;
				LOCALIZATION_PREFERS_STRING_CATALOGS = YES;
				MTL_ENABLE_DEBUG_INFO = NO;
				MTL_FAST_MATH = YES;
				SDKROOT = iphoneos;
				SWIFT_COMPILATION_MODE = wholemodule;
				VALIDATE_PRODUCT = YES;
			};
			name = Release;
		};
		56C55DB32B5D989400321EFB /* Debug */ = {
			isa = XCBuildConfiguration;
			buildSettings = {
				ASSETCATALOG_COMPILER_APPICON_NAME = AppIcon;
				ASSETCATALOG_COMPILER_GLOBAL_ACCENT_COLOR_NAME = AccentColor;
				CODE_SIGN_STYLE = Automatic;
				CURRENT_PROJECT_VERSION = 1;
				DEVELOPMENT_ASSET_PATHS = "\"HonymoonUI/Preview Content\"";
				DEVELOPMENT_TEAM = VXF37T9QF4;
				ENABLE_PREVIEWS = YES;
				GENERATE_INFOPLIST_FILE = YES;
				INFOPLIST_FILE = HonymoonUI/Info.plist;
				INFOPLIST_KEY_UIApplicationSceneManifest_Generation = YES;
				INFOPLIST_KEY_UIApplicationSupportsIndirectInputEvents = YES;
				INFOPLIST_KEY_UISupportedInterfaceOrientations = UIInterfaceOrientationPortrait;
				LD_RUNPATH_SEARCH_PATHS = (
					"$(inherited)",
					"@executable_path/Frameworks",
				);
				MARKETING_VERSION = 1.0;
				PRODUCT_BUNDLE_IDENTIFIER = com.danielWashington.HonymoonUI;
				PRODUCT_NAME = "$(TARGET_NAME)";
				SWIFT_EMIT_LOC_STRINGS = YES;
				SWIFT_VERSION = 5.0;
				TARGETED_DEVICE_FAMILY = "1,2";
			};
			name = Debug;
		};
		56C55DB42B5D989400321EFB /* Release */ = {
			isa = XCBuildConfiguration;
			buildSettings = {
				ASSETCATALOG_COMPILER_APPICON_NAME = AppIcon;
				ASSETCATALOG_COMPILER_GLOBAL_ACCENT_COLOR_NAME = AccentColor;
				CODE_SIGN_STYLE = Automatic;
				CURRENT_PROJECT_VERSION = 1;
				DEVELOPMENT_ASSET_PATHS = "\"HonymoonUI/Preview Content\"";
				DEVELOPMENT_TEAM = VXF37T9QF4;
				ENABLE_PREVIEWS = YES;
				GENERATE_INFOPLIST_FILE = YES;
				INFOPLIST_FILE = HonymoonUI/Info.plist;
				INFOPLIST_KEY_UIApplicationSceneManifest_Generation = YES;
				INFOPLIST_KEY_UIApplicationSupportsIndirectInputEvents = YES;
				INFOPLIST_KEY_UISupportedInterfaceOrientations = UIInterfaceOrientationPortrait;
				LD_RUNPATH_SEARCH_PATHS = (
					"$(inherited)",
					"@executable_path/Frameworks",
				);
				MARKETING_VERSION = 1.0;
				PRODUCT_BUNDLE_IDENTIFIER = com.danielWashington.HonymoonUI;
				PRODUCT_NAME = "$(TARGET_NAME)";
				SWIFT_EMIT_LOC_STRINGS = YES;
				SWIFT_VERSION = 5.0;
				TARGETED_DEVICE_FAMILY = "1,2";
			};
			name = Release;
		};
/* End XCBuildConfiguration section */

/* Begin XCConfigurationList section */
		56C55D9F2B5D989300321EFB /* Build configuration list for PBXProject "HonymoonUI" */ = {
			isa = XCConfigurationList;
			buildConfigurations = (
				56C55DB02B5D989400321EFB /* Debug */,
				56C55DB12B5D989400321EFB /* Release */,
			);
			defaultConfigurationIsVisible = 0;
			defaultConfigurationName = Release;
		};
		56C55DB22B5D989400321EFB /* Build configuration list for PBXNativeTarget "HonymoonUI" */ = {
			isa = XCConfigurationList;
			buildConfigurations = (
				56C55DB32B5D989400321EFB /* Debug */,
				56C55DB42B5D989400321EFB /* Release */,
			);
			defaultConfigurationIsVisible = 0;
			defaultConfigurationName = Release;
		};
/* End XCConfigurationList section */
	};
	rootObject = 56C55D9C2B5D989300321EFB /* Project object */;
}
